// !$*UTF8*$!
{
	archiveVersion = 1;
	classes = {
	};
	objectVersion = 50;
	objects = {

/* Begin PBXBuildFile section */
		E78CA24522A56FB9005DC5B9 /* AppDelegate.swift in Sources */ = {isa = PBXBuildFile; fileRef = E78CA24422A56FB9005DC5B9 /* AppDelegate.swift */; };
		E78CA24722A56FB9005DC5B9 /* LoginViewController.swift in Sources */ = {isa = PBXBuildFile; fileRef = E78CA24622A56FB9005DC5B9 /* LoginViewController.swift */; };
		E78CA24A22A56FB9005DC5B9 /* Main.storyboard in Resources */ = {isa = PBXBuildFile; fileRef = E78CA24822A56FB9005DC5B9 /* Main.storyboard */; };
		E78CA24C22A56FBB005DC5B9 /* Assets.xcassets in Resources */ = {isa = PBXBuildFile; fileRef = E78CA24B22A56FBB005DC5B9 /* Assets.xcassets */; };
		E78CA24F22A56FBB005DC5B9 /* LaunchScreen.storyboard in Resources */ = {isa = PBXBuildFile; fileRef = E78CA24D22A56FBB005DC5B9 /* LaunchScreen.storyboard */; };
		E78CA25722A57367005DC5B9 /* ListViewCell.swift in Sources */ = {isa = PBXBuildFile; fileRef = E78CA25622A57367005DC5B9 /* ListViewCell.swift */; };
		E78CA25922A5782E005DC5B9 /* ListViewController.swift in Sources */ = {isa = PBXBuildFile; fileRef = E78CA25822A5782E005DC5B9 /* ListViewController.swift */; };
		E78CA25B22A58135005DC5B9 /* WebViewController.swift in Sources */ = {isa = PBXBuildFile; fileRef = E78CA25A22A58135005DC5B9 /* WebViewController.swift */; };
/* End PBXBuildFile section */

/* Begin PBXFileReference section */
		E78CA24122A56FB9005DC5B9 /* Gymglish Test.app */ = {isa = PBXFileReference; explicitFileType = wrapper.application; includeInIndex = 0; path = "Gymglish Test.app"; sourceTree = BUILT_PRODUCTS_DIR; };
		E78CA24422A56FB9005DC5B9 /* AppDelegate.swift */ = {isa = PBXFileReference; lastKnownFileType = sourcecode.swift; path = AppDelegate.swift; sourceTree = "<group>"; };
		E78CA24622A56FB9005DC5B9 /* LoginViewController.swift */ = {isa = PBXFileReference; lastKnownFileType = sourcecode.swift; path = LoginViewController.swift; sourceTree = "<group>"; };
		E78CA24922A56FB9005DC5B9 /* Base */ = {isa = PBXFileReference; lastKnownFileType = file.storyboard; name = Base; path = Base.lproj/Main.storyboard; sourceTree = "<group>"; };
		E78CA24B22A56FBB005DC5B9 /* Assets.xcassets */ = {isa = PBXFileReference; lastKnownFileType = folder.assetcatalog; path = Assets.xcassets; sourceTree = "<group>"; };
		E78CA24E22A56FBB005DC5B9 /* Base */ = {isa = PBXFileReference; lastKnownFileType = file.storyboard; name = Base; path = Base.lproj/LaunchScreen.storyboard; sourceTree = "<group>"; };
		E78CA25022A56FBB005DC5B9 /* Info.plist */ = {isa = PBXFileReference; lastKnownFileType = text.plist.xml; path = Info.plist; sourceTree = "<group>"; };
		E78CA25622A57367005DC5B9 /* ListViewCell.swift */ = {isa = PBXFileReference; lastKnownFileType = sourcecode.swift; path = ListViewCell.swift; sourceTree = "<group>"; };
		E78CA25822A5782E005DC5B9 /* ListViewController.swift */ = {isa = PBXFileReference; lastKnownFileType = sourcecode.swift; path = ListViewController.swift; sourceTree = "<group>"; };
		E78CA25A22A58135005DC5B9 /* WebViewController.swift */ = {isa = PBXFileReference; lastKnownFileType = sourcecode.swift; path = WebViewController.swift; sourceTree = "<group>"; };
/* End PBXFileReference section */

/* Begin PBXFrameworksBuildPhase section */
		E78CA23E22A56FB9005DC5B9 /* Frameworks */ = {
			isa = PBXFrameworksBuildPhase;
			buildActionMask = 2147483647;
			files = (
			);
			runOnlyForDeploymentPostprocessing = 0;
		};
/* End PBXFrameworksBuildPhase section */

/* Begin PBXGroup section */
		E78CA23822A56FB9005DC5B9 = {
			isa = PBXGroup;
			children = (
				E78CA24322A56FB9005DC5B9 /* Gymglish Test */,
				E78CA24222A56FB9005DC5B9 /* Products */,
			);
			sourceTree = "<group>";
		};
		E78CA24222A56FB9005DC5B9 /* Products */ = {
			isa = PBXGroup;
			children = (
				E78CA24122A56FB9005DC5B9 /* Gymglish Test.app */,
			);
			name = Products;
			sourceTree = "<group>";
		};
		E78CA24322A56FB9005DC5B9 /* Gymglish Test */ = {
			isa = PBXGroup;
			children = (
				E78CA24422A56FB9005DC5B9 /* AppDelegate.swift */,
				E78CA25622A57367005DC5B9 /* ListViewCell.swift */,
				E78CA24622A56FB9005DC5B9 /* LoginViewController.swift */,
				E78CA25822A5782E005DC5B9 /* ListViewController.swift */,
				E78CA25A22A58135005DC5B9 /* WebViewController.swift */,
				E78CA24822A56FB9005DC5B9 /* Main.storyboard */,
				E78CA24B22A56FBB005DC5B9 /* Assets.xcassets */,
				E78CA24D22A56FBB005DC5B9 /* LaunchScreen.storyboard */,
				E78CA25022A56FBB005DC5B9 /* Info.plist */,
			);
			path = "Gymglish Test";
			sourceTree = "<group>";
		};
/* End PBXGroup section */

/* Begin PBXNativeTarget section */
		E78CA24022A56FB9005DC5B9 /* Gymglish Test */ = {
			isa = PBXNativeTarget;
			buildConfigurationList = E78CA25322A56FBB005DC5B9 /* Build configuration list for PBXNativeTarget "Gymglish Test" */;
			buildPhases = (
				E78CA23D22A56FB9005DC5B9 /* Sources */,
				E78CA23E22A56FB9005DC5B9 /* Frameworks */,
				E78CA23F22A56FB9005DC5B9 /* Resources */,
			);
			buildRules = (
			);
			dependencies = (
			);
			name = "Gymglish Test";
			productName = "Gymglish Test";
			productReference = E78CA24122A56FB9005DC5B9 /* Gymglish Test.app */;
			productType = "com.apple.product-type.application";
		};
/* End PBXNativeTarget section */

/* Begin PBXProject section */
		E78CA23922A56FB9005DC5B9 /* Project object */ = {
			isa = PBXProject;
			attributes = {
				LastSwiftUpdateCheck = 1010;
				LastUpgradeCheck = 1010;
				ORGANIZATIONNAME = AKIN;
				TargetAttributes = {
					E78CA24022A56FB9005DC5B9 = {
						CreatedOnToolsVersion = 10.1;
					};
				};
			};
			buildConfigurationList = E78CA23C22A56FB9005DC5B9 /* Build configuration list for PBXProject "Gymglish Test" */;
			compatibilityVersion = "Xcode 9.3";
			developmentRegion = en;
			hasScannedForEncodings = 0;
			knownRegions = (
				en,
				Base,
			);
			mainGroup = E78CA23822A56FB9005DC5B9;
			productRefGroup = E78CA24222A56FB9005DC5B9 /* Products */;
			projectDirPath = "";
			projectRoot = "";
			targets = (
				E78CA24022A56FB9005DC5B9 /* Gymglish Test */,
			);
		};
/* End PBXProject section */

/* Begin PBXResourcesBuildPhase section */
		E78CA23F22A56FB9005DC5B9 /* Resources */ = {
			isa = PBXResourcesBuildPhase;
			buildActionMask = 2147483647;
			files = (
				E78CA24F22A56FBB005DC5B9 /* LaunchScreen.storyboard in Resources */,
				E78CA24C22A56FBB005DC5B9 /* Assets.xcassets in Resources */,
				E78CA24A22A56FB9005DC5B9 /* Main.storyboard in Resources */,
			);
			runOnlyForDeploymentPostprocessing = 0;
		};
/* End PBXResourcesBuildPhase section */

/* Begin PBXSourcesBuildPhase section */
		E78CA23D22A56FB9005DC5B9 /* Sources */ = {
			isa = PBXSourcesBuildPhase;
			buildActionMask = 2147483647;
			files = (
				E78CA24722A56FB9005DC5B9 /* LoginViewController.swift in Sources */,
				E78CA25722A57367005DC5B9 /* ListViewCell.swift in Sources */,
				E78CA25922A5782E005DC5B9 /* ListViewController.swift in Sources */,
				E78CA25B22A58135005DC5B9 /* WebViewController.swift in Sources */,
				E78CA24522A56FB9005DC5B9 /* AppDelegate.swift in Sources */,
			);
			runOnlyForDeploymentPostprocessing = 0;
		};
/* End PBXSourcesBuildPhase section */

/* Begin PBXVariantGroup section */
		E78CA24822A56FB9005DC5B9 /* Main.storyboard */ = {
			isa = PBXVariantGroup;
			children = (
				E78CA24922A56FB9005DC5B9 /* Base */,
			);
			name = Main.storyboard;
			sourceTree = "<group>";
		};
		E78CA24D22A56FBB005DC5B9 /* LaunchScreen.storyboard */ = {
			isa = PBXVariantGroup;
			children = (
				E78CA24E22A56FBB005DC5B9 /* Base */,
			);
			name = LaunchScreen.storyboard;
			sourceTree = "<group>";
		};
/* End PBXVariantGroup section */

/* Begin XCBuildConfiguration section */
		E78CA25122A56FBB005DC5B9 /* Debug */ = {
			isa = XCBuildConfiguration;
			buildSettings = {
				ALWAYS_SEARCH_USER_PATHS = NO;
				CLANG_ANALYZER_NONNULL = YES;
				CLANG_ANALYZER_NUMBER_OBJECT_CONVERSION = YES_AGGRESSIVE;
				CLANG_CXX_LANGUAGE_STANDARD = "gnu++14";
				CLANG_CXX_LIBRARY = "libc++";
				CLANG_ENABLE_MODULES = YES;
				CLANG_ENABLE_OBJC_ARC = YES;
				CLANG_ENABLE_OBJC_WEAK = YES;
				CLANG_WARN_BLOCK_CAPTURE_AUTORELEASING = YES;
				CLANG_WARN_BOOL_CONVERSION = YES;
				CLANG_WARN_COMMA = YES;
				CLANG_WARN_CONSTANT_CONVERSION = YES;
				CLANG_WARN_DEPRECATED_OBJC_IMPLEMENTATIONS = YES;
				CLANG_WARN_DIRECT_OBJC_ISA_USAGE = YES_ERROR;
				CLANG_WARN_DOCUMENTATION_COMMENTS = YES;
				CLANG_WARN_EMPTY_BODY = YES;
				CLANG_WARN_ENUM_CONVERSION = YES;
				CLANG_WARN_INFINITE_RECURSION = YES;
				CLANG_WARN_INT_CONVERSION = YES;
				CLANG_WARN_NON_LITERAL_NULL_CONVERSION = YES;
				CLANG_WARN_OBJC_IMPLICIT_RETAIN_SELF = YES;
				CLANG_WARN_OBJC_LITERAL_CONVERSION = YES;
				CLANG_WARN_OBJC_ROOT_CLASS = YES_ERROR;
				CLANG_WARN_RANGE_LOOP_ANALYSIS = YES;
				CLANG_WARN_STRICT_PROTOTYPES = YES;
				CLANG_WARN_SUSPICIOUS_MOVE = YES;
				CLANG_WARN_UNGUARDED_AVAILABILITY = YES_AGGRESSIVE;
				CLANG_WARN_UNREACHABLE_CODE = YES;
				CLANG_WARN__DUPLICATE_METHOD_MATCH = YES;
				CODE_SIGN_IDENTITY = "iPhone Developer";
				COPY_PHASE_STRIP = NO;
				DEBUG_INFORMATION_FORMAT = dwarf;
				ENABLE_STRICT_OBJC_MSGSEND = YES;
				ENABLE_TESTABILITY = YES;
				GCC_C_LANGUAGE_STANDARD = gnu11;
				GCC_DYNAMIC_NO_PIC = NO;
				GCC_NO_COMMON_BLOCKS = YES;
				GCC_OPTIMIZATION_LEVEL = 0;
				GCC_PREPROCESSOR_DEFINITIONS = (
					"DEBUG=1",
					"$(inherited)",
				);
				GCC_WARN_64_TO_32_BIT_CONVERSION = YES;
				GCC_WARN_ABOUT_RETURN_TYPE = YES_ERROR;
				GCC_WARN_UNDECLARED_SELECTOR = YES;
				GCC_WARN_UNINITIALIZED_AUTOS = YES_AGGRESSIVE;
				GCC_WARN_UNUSED_FUNCTION = YES;
				GCC_WARN_UNUSED_VARIABLE = YES;
				IPHONEOS_DEPLOYMENT_TARGET = 12.1;
				MTL_ENABLE_DEBUG_INFO = INCLUDE_SOURCE;
				MTL_FAST_MATH = YES;
				ONLY_ACTIVE_ARCH = YES;
				SDKROOT = iphoneos;
				SWIFT_ACTIVE_COMPILATION_CONDITIONS = DEBUG;
				SWIFT_OPTIMIZATION_LEVEL = "-Onone";
			};
			name = Debug;
		};
		E78CA25222A56FBB005DC5B9 /* Release */ = {
			isa = XCBuildConfiguration;
			buildSettings = {
				ALWAYS_SEARCH_USER_PATHS = NO;
				CLANG_ANALYZER_NONNULL = YES;
				CLANG_ANALYZER_NUMBER_OBJECT_CONVERSION = YES_AGGRESSIVE;
				CLANG_CXX_LANGUAGE_STANDARD = "gnu++14";
				CLANG_CXX_LIBRARY = "libc++";
				CLANG_ENABLE_MODULES = YES;
				CLANG_ENABLE_OBJC_ARC = YES;
				CLANG_ENABLE_OBJC_WEAK = YES;
				CLANG_WARN_BLOCK_CAPTURE_AUTORELEASING = YES;
				CLANG_WARN_BOOL_CONVERSION = YES;
				CLANG_WARN_COMMA = YES;
				CLANG_WARN_CONSTANT_CONVERSION = YES;
				CLANG_WARN_DEPRECATED_OBJC_IMPLEMENTATIONS = YES;
				CLANG_WARN_DIRECT_OBJC_ISA_USAGE = YES_ERROR;
				CLANG_WARN_DOCUMENTATION_COMMENTS = YES;
				CLANG_WARN_EMPTY_BODY = YES;
				CLANG_WARN_ENUM_CONVERSION = YES;
				CLANG_WARN_INFINITE_RECURSION = YES;
				CLANG_WARN_INT_CONVERSION = YES;
				CLANG_WARN_NON_LITERAL_NULL_CONVERSION = YES;
				CLANG_WARN_OBJC_IMPLICIT_RETAIN_SELF = YES;
				CLANG_WARN_OBJC_LITERAL_CONVERSION = YES;
				CLANG_WARN_OBJC_ROOT_CLASS = YES_ERROR;
				CLANG_WARN_RANGE_LOOP_ANALYSIS = YES;
				CLANG_WARN_STRICT_PROTOTYPES = YES;
				CLANG_WARN_SUSPICIOUS_MOVE = YES;
				CLANG_WARN_UNGUARDED_AVAILABILITY = YES_AGGRESSIVE;
				CLANG_WARN_UNREACHABLE_CODE = YES;
				CLANG_WARN__DUPLICATE_METHOD_MATCH = YES;
				CODE_SIGN_IDENTITY = "iPhone Developer";
				COPY_PHASE_STRIP = NO;
				DEBUG_INFORMATION_FORMAT = "dwarf-with-dsym";
				ENABLE_NS_ASSERTIONS = NO;
				ENABLE_STRICT_OBJC_MSGSEND = YES;
				GCC_C_LANGUAGE_STANDARD = gnu11;
				GCC_NO_COMMON_BLOCKS = YES;
				GCC_WARN_64_TO_32_BIT_CONVERSION = YES;
				GCC_WARN_ABOUT_RETURN_TYPE = YES_ERROR;
				GCC_WARN_UNDECLARED_SELECTOR = YES;
				GCC_WARN_UNINITIALIZED_AUTOS = YES_AGGRESSIVE;
				GCC_WARN_UNUSED_FUNCTION = YES;
				GCC_WARN_UNUSED_VARIABLE = YES;
				IPHONEOS_DEPLOYMENT_TARGET = 12.1;
				MTL_ENABLE_DEBUG_INFO = NO;
				MTL_FAST_MATH = YES;
				SDKROOT = iphoneos;
				SWIFT_COMPILATION_MODE = wholemodule;
				SWIFT_OPTIMIZATION_LEVEL = "-O";
				VALIDATE_PRODUCT = YES;
			};
			name = Release;
		};
		E78CA25422A56FBB005DC5B9 /* Debug */ = {
			isa = XCBuildConfiguration;
			buildSettings = {
				ASSETCATALOG_COMPILER_APPICON_NAME = AppIcon;
				CODE_SIGN_STYLE = Automatic;
				DEVELOPMENT_TEAM = DFGPKV3K8S;
				INFOPLIST_FILE = "Gymglish Test/Info.plist";
				LD_RUNPATH_SEARCH_PATHS = (
					"$(inherited)",
					"@executable_path/Frameworks",
				);
				PRODUCT_BUNDLE_IDENTIFIER = "asda.Gymglish-Test";
				PRODUCT_NAME = "$(TARGET_NAME)";
				SWIFT_VERSION = 4.2;
				TARGETED_DEVICE_FAMILY = "1,2";
			};
			name = Debug;
		};
		E78CA25522A56FBB005DC5B9 /* Release */ = {
			isa = XCBuildConfiguration;
			buildSettings = {
				ASSETCATALOG_COMPILER_APPICON_NAME = AppIcon;
				CODE_SIGN_STYLE = Automatic;
				DEVELOPMENT_TEAM = DFGPKV3K8S;
				INFOPLIST_FILE = "Gymglish Test/Info.plist";
				LD_RUNPATH_SEARCH_PATHS = (
					"$(inherited)",
					"@executable_path/Frameworks",
				);
				PRODUCT_BUNDLE_IDENTIFIER = "asda.Gymglish-Test";
				PRODUCT_NAME = "$(TARGET_NAME)";
				SWIFT_VERSION = 4.2;
				TARGETED_DEVICE_FAMILY = "1,2";
			};
			name = Release;
		};
/* End XCBuildConfiguration section */

/* Begin XCConfigurationList section */
		E78CA23C22A56FB9005DC5B9 /* Build configuration list for PBXProject "Gymglish Test" */ = {
			isa = XCConfigurationList;
			buildConfigurations = (
				E78CA25122A56FBB005DC5B9 /* Debug */,
				E78CA25222A56FBB005DC5B9 /* Release */,
			);
			defaultConfigurationIsVisible = 0;
			defaultConfigurationName = Release;
		};
		E78CA25322A56FBB005DC5B9 /* Build configuration list for PBXNativeTarget "Gymglish Test" */ = {
			isa = XCConfigurationList;
			buildConfigurations = (
				E78CA25422A56FBB005DC5B9 /* Debug */,
				E78CA25522A56FBB005DC5B9 /* Release */,
			);
			defaultConfigurationIsVisible = 0;
			defaultConfigurationName = Release;
		};
/* End XCConfigurationList section */
	};
	rootObject = E78CA23922A56FB9005DC5B9 /* Project object */;
}
